
Microsoft Visual Studio Solution File, Format Version 12.00
# Visual Studio Version 16
VisualStudioVersion = 16.0.32802.440
MinimumVisualStudioVersion = 10.0.40219.1
Project("{F184B08F-C81C-45F6-A57F-5ABD9991F28F}") = "UnitConverter-TristanAldrinRafin", "UnitConverter-TristanAldrinRafin\UnitConverter-TristanAldrinRafin.vbproj", "{459BF1E2-180B-497A-92B7-B93055E78583}"
EndProject
Global
	GlobalSection(SolutionConfigurationPlatforms) = preSolution
		Debug|Any CPU = Debug|Any CPU
		Release|Any CPU = Release|Any CPU
	EndGlobalSection
	GlobalSection(ProjectConfigurationPlatforms) = postSolution
		{459BF1E2-180B-497A-92B7-B93055E78583}.Debug|Any CPU.ActiveCfg = Debug|Any CPU
		{459BF1E2-180B-497A-92B7-B93055E78583}.Debug|Any CPU.Build.0 = Debug|Any CPU
		{459BF1E2-180B-497A-92B7-B93055E78583}.Release|Any CPU.ActiveCfg = Release|Any CPU
		{459BF1E2-180B-497A-92B7-B93055E78583}.Release|Any CPU.Build.0 = Release|Any CPU
	EndGlobalSection
	GlobalSection(SolutionProperties) = preSolution
		HideSolutionNode = FALSE
	EndGlobalSection
	GlobalSection(ExtensibilityGlobals) = postSolution
		SolutionGuid = {7E03F2E5-2CF6-44B5-8DFC-6F5D6F66FF3B}
	EndGlobalSection
EndGlobal
